
Microsoft Visual Studio Solution File, Format Version 12.00
# Visual Studio Version 17
VisualStudioVersion = 17.4.33213.308
MinimumVisualStudioVersion = 10.0.40219.1
Project("{FAE04EC0-301F-11D3-BF4B-00C04F79EFBC}") = "PrivateMethodTest", "PrivateMethodTest\PrivateMethodTest.csproj", "{62380F8E-62FA-4D81-A251-7DFD072AA2C3}"
EndProject
Project("{FAE04EC0-301F-11D3-BF4B-00C04F79EFBC}") = "PrivateMethodTestProject", "PrivateMethodTestProject\PrivateMethodTestProject.csproj", "{B338EAAA-3DE1-4A73-9340-D4949BD4DDAF}"
EndProject
Global
	GlobalSection(SolutionConfigurationPlatforms) = preSolution
		Debug|Any CPU = Debug|Any CPU
		Release|Any CPU = Release|Any CPU
	EndGlobalSection
	GlobalSection(ProjectConfigurationPlatforms) = postSolution
		{62380F8E-62FA-4D81-A251-7DFD072AA2C3}.Debug|Any CPU.ActiveCfg = Debug|Any CPU
		{62380F8E-62FA-4D81-A251-7DFD072AA2C3}.Debug|Any CPU.Build.0 = Debug|Any CPU
		{62380F8E-62FA-4D81-A251-7DFD072AA2C3}.Release|Any CPU.ActiveCfg = Release|Any CPU
		{62380F8E-62FA-4D81-A251-7DFD072AA2C3}.Release|Any CPU.Build.0 = Release|Any CPU
		{B338EAAA-3DE1-4A73-9340-D4949BD4DDAF}.Debug|Any CPU.ActiveCfg = Debug|Any CPU
		{B338EAAA-3DE1-4A73-9340-D4949BD4DDAF}.Debug|Any CPU.Build.0 = Debug|Any CPU
		{B338EAAA-3DE1-4A73-9340-D4949BD4DDAF}.Release|Any CPU.ActiveCfg = Release|Any CPU
		{B338EAAA-3DE1-4A73-9340-D4949BD4DDAF}.Release|Any CPU.Build.0 = Release|Any CPU
	EndGlobalSection
	GlobalSection(SolutionProperties) = preSolution
		HideSolutionNode = FALSE
	EndGlobalSection
	GlobalSection(ExtensibilityGlobals) = postSolution
		SolutionGuid = {88983BEC-534F-465B-BFC4-821E14CB7BF4}
	EndGlobalSection
EndGlobal
